
Microsoft Visual Studio Solution File, Format Version 12.00
# Visual Studio Version 17
VisualStudioVersion = 17.3.32819.101
MinimumVisualStudioVersion = 10.0.40219.1
Project("{9A19103F-16F7-4668-BE54-9A1E7A4F7556}") = "Application", "GerenciadorConteiner\Application.csproj", "{B1104998-2478-4801-ACB6-42407BCA2F13}"
EndProject
Global
	GlobalSection(SolutionConfigurationPlatforms) = preSolution
		Debug|Any CPU = Debug|Any CPU
		Release|Any CPU = Release|Any CPU
	EndGlobalSection
	GlobalSection(ProjectConfigurationPlatforms) = postSolution
		{B1104998-2478-4801-ACB6-42407BCA2F13}.Debug|Any CPU.ActiveCfg = Debug|Any CPU
		{B1104998-2478-4801-ACB6-42407BCA2F13}.Debug|Any CPU.Build.0 = Debug|Any CPU
		{B1104998-2478-4801-ACB6-42407BCA2F13}.Release|Any CPU.ActiveCfg = Release|Any CPU
		{B1104998-2478-4801-ACB6-42407BCA2F13}.Release|Any CPU.Build.0 = Release|Any CPU
	EndGlobalSection
	GlobalSection(SolutionProperties) = preSolution
		HideSolutionNode = FALSE
	EndGlobalSection
	GlobalSection(ExtensibilityGlobals) = postSolution
		SolutionGuid = {15397BFA-C39D-4C89-A146-293868162A79}
	EndGlobalSection
EndGlobal
